{
  "version": 4,
  "terraform_version": "1.7.5",
  "serial": 6,
  "lineage": "60f9e84e-8671-f8d5-3d3a-b85359ec0440",
  "outputs": {},
  "resources": [
    {
      "module": "module.api-network",
      "mode": "managed",
      "type": "yandex_vpc_network",
      "name": "network-api",
      "provider": "module.api-network.provider[\"registry.terraform.io/yandex-cloud/yandex\"]",
      "instances": [
        {
          "schema_version": 0,
          "attributes": {
            "created_at": "2024-04-12T09:53:43Z",
            "default_security_group_id": "enphvi8giq0rr5u56kku",
            "description": "",
            "folder_id": "b1g68mcmoms86hiq32hh",
            "id": "enpdr95aqbsuhssg2cbr",
            "labels": {},
            "name": "network-api",
            "subnet_ids": [],
            "timeouts": null
          },
          "sensitive_attributes": [],
          "private": "eyJlMmJmYjczMC1lY2FhLTExZTYtOGY4OC0zNDM2M2JjN2M0YzAiOnsiY3JlYXRlIjo2MDAwMDAwMDAwMCwiZGVsZXRlIjo2MDAwMDAwMDAwMCwidXBkYXRlIjo2MDAwMDAwMDAwMH19"
        }
      ]
    },
    {
      "module": "module.api-network",
      "mode": "managed",
      "type": "yandex_vpc_subnet",
      "name": "subnet-api",
      "provider": "module.api-network.provider[\"registry.terraform.io/yandex-cloud/yandex\"]",
      "instances": [
        {
          "schema_version": 0,
          "attributes": {
            "created_at": "2024-04-12T09:53:45Z",
            "description": "",
            "dhcp_options": [],
            "folder_id": "b1g68mcmoms86hiq32hh",
            "id": "e9bmm3ej8nio0sha1nbd",
            "labels": {},
            "name": "subnet-api",
            "network_id": "enpdr95aqbsuhssg2cbr",
            "route_table_id": "",
            "timeouts": null,
            "v4_cidr_blocks": [
              "10.2.0.0/16"
            ],
            "v6_cidr_blocks": [],
            "zone": "ru-central1-a"
          },
          "sensitive_attributes": [],
          "private": "eyJlMmJmYjczMC1lY2FhLTExZTYtOGY4OC0zNDM2M2JjN2M0YzAiOnsiY3JlYXRlIjoxODAwMDAwMDAwMDAsImRlbGV0ZSI6MTgwMDAwMDAwMDAwLCJ1cGRhdGUiOjE4MDAwMDAwMDAwMH19",
          "dependencies": [
            "module.api-network.yandex_vpc_network.network-api"
          ]
        }
      ]
    },
    {
      "module": "module.api-static-addr",
      "mode": "data",
      "type": "yandex_vpc_address",
      "name": "addr",
      "provider": "module.api-static-addr.provider[\"registry.terraform.io/yandex-cloud/yandex\"]",
      "instances": [
        {
          "schema_version": 0,
          "attributes": {
            "address_id": "e9b0prh5f4h8ebrd9jen",
            "created_at": "2024-04-11T12:42:21Z",
            "deletion_protection": true,
            "description": "",
            "dns_record": [],
            "external_ipv4_address": [
              {
                "address": "158.160.61.242",
                "ddos_protection_provider": "",
                "outgoing_smtp_capability": "",
                "zone_id": "ru-central1-a"
              }
            ],
            "folder_id": "b1g68mcmoms86hiq32hh",
            "id": "e9b0prh5f4h8ebrd9jen",
            "labels": {},
            "name": "api-steam-items-static-ip-addr",
            "reserved": true,
            "used": false
          },
          "sensitive_attributes": []
        }
      ]
    }
  ],
  "check_results": null
}
