{
  "version": 4,
  "terraform_version": "1.7.5",
  "serial": 28,
  "lineage": "8363c634-9794-06c8-91e3-5b71b0d14253",
  "outputs": {},
  "resources": [
    {
      "module": "module.api",
      "mode": "managed",
      "type": "yandex_compute_instance",
      "name": "vm-1",
      "provider": "provider[\"registry.terraform.io/yandex-cloud/yandex\"]",
      "instances": [
        {
          "schema_version": 1,
          "attributes": {
            "allow_recreate": null,
            "allow_stopping_for_update": null,
            "boot_disk": [
              {
                "auto_delete": true,
                "device_name": "fhmdplo4m0ot52hijvsm",
                "disk_id": "fhmdplo4m0ot52hijvsm",
                "initialize_params": [
                  {
                    "block_size": 4096,
                    "description": "",
                    "image_id": "fd8up8dttk3bopfkqho6",
                    "name": "",
                    "size": 10,
                    "snapshot_id": "",
                    "type": "network-hdd"
                  }
                ],
                "mode": "READ_WRITE"
              }
            ],
            "created_at": "2024-04-29T14:30:34Z",
            "description": "",
            "filesystem": [],
            "folder_id": "b1g68mcmoms86hiq32hh",
            "fqdn": "fhmcc5mrmg2cga9encoc.auto.internal",
            "gpu_cluster_id": "",
            "hostname": "",
            "id": "fhmcc5mrmg2cga9encoc",
            "labels": null,
            "local_disk": [],
            "maintenance_grace_period": "",
            "maintenance_policy": null,
            "metadata": {
              "ssh-keys": "ubuntu:ssh-rsa AAAAB3NzaC1yc2EAAAADAQABAAABgQC5Go2XuzVPCeNdDBL7fK+pjmW8lbCMhdhmHHzDGcLARPJq/bRi8TIyE+s4abcMRU9TAnu92Yb0B+VnAqvHihSmz1Md25EYN08zRhHp74157PvqrOK4j6T/vBR8s0u6MD500fNx0ZAElrwPP7dfQP+63VJpsjLdnBL2oM6FwJJBZ0p5qECl1+/GtV6lt9mOMsewKySrc5eOEcRZTk5y11YbtImhxyEBNmB+mGaK8kUpZeVEFDMGk3EvzCzVm+6JGDsIXkQ3KT966tcBrKLGngGjJNDTvmNQIc3Zd+i5gU23+rgwD50d86r+WBbT0zURmfG7rQAC1RdPW7W/89s723M89K5AoZLV/i6/XQ/y2ekC9v3uPVS9BPiNwQjg+uLUkurXkGTFUPj6Uv3GurqSdm0sdl8ueYBh0tywRzbqrIZVttLFxVXKV2TBC/lZ096B31KbUz+LwU74ViMYCybU8u3ty6VskD0I3sn/avlyUqqEZPBOLRVOYt2zLvxp4p+svrE= avtrokhachev@i106040781\n",
              "user-data": "#cloud-config\nssh_pwauth: no\nusers:\n  - name: avtrokhachev\n    sudo: ALL=(ALL) NOPASSWD:ALL\n    shell: /bin/bash\n    ssh-authorized-keys:\n      - \"ssh-rsa AAAAB3NzaC1yc2EAAAADAQABAAABgQC5Go2XuzVPCeNdDBL7fK+pjmW8lbCMhdhmHHzDGcLARPJq/bRi8TIyE+s4abcMRU9TAnu92Yb0B+VnAqvHihSmz1Md25EYN08zRhHp74157PvqrOK4j6T/vBR8s0u6MD500fNx0ZAElrwPP7dfQP+63VJpsjLdnBL2oM6FwJJBZ0p5qECl1+/GtV6lt9mOMsewKySrc5eOEcRZTk5y11YbtImhxyEBNmB+mGaK8kUpZeVEFDMGk3EvzCzVm+6JGDsIXkQ3KT966tcBrKLGngGjJNDTvmNQIc3Zd+i5gU23+rgwD50d86r+WBbT0zURmfG7rQAC1RdPW7W/89s723M89K5AoZLV/i6/XQ/y2ekC9v3uPVS9BPiNwQjg+uLUkurXkGTFUPj6Uv3GurqSdm0sdl8ueYBh0tywRzbqrIZVttLFxVXKV2TBC/lZ096B31KbUz+LwU74ViMYCybU8u3ty6VskD0I3sn/avlyUqqEZPBOLRVOYt2zLvxp4p+svrE= avtrokhachev@i106040781\"\n\nruncmd:\n  - export DEBIAN_FRONTEND=noninteractive\n  - sudo apt-get update -y\n  - sudo apt-get install -y docker.io\n  - sudo systemctl start docker\n  - sudo docker pull cr.yandex/crpoqe2ki2gq5j0p88mp/steam_items_api:latest\n  - docker run --detach --publish 80:80 cr.yandex/crpoqe2ki2gq5j0p88mp/steam_items_api:latest\n"
            },
            "metadata_options": [
              {
                "aws_v1_http_endpoint": 1,
                "aws_v1_http_token": 2,
                "gce_http_endpoint": 1,
                "gce_http_token": 1
              }
            ],
            "name": "steam-items-api",
            "network_acceleration_type": "standard",
            "network_interface": [
              {
                "dns_record": [],
                "index": 0,
                "ip_address": "10.5.0.7",
                "ipv4": true,
                "ipv6": false,
                "ipv6_address": "",
                "ipv6_dns_record": [],
                "mac_address": "d0:0d:c6:16:db:b4",
                "nat": true,
                "nat_dns_record": [],
                "nat_ip_address": "158.160.61.242",
                "nat_ip_version": "IPV4",
                "security_group_ids": [],
                "subnet_id": "e9b3pfcmlrmieqocdjo5"
              }
            ],
            "placement_policy": [
              {
                "host_affinity_rules": [],
                "placement_group_id": "",
                "placement_group_partition": 0
              }
            ],
            "platform_id": "standard-v1",
            "resources": [
              {
                "core_fraction": 100,
                "cores": 2,
                "gpus": 0,
                "memory": 2
              }
            ],
            "scheduling_policy": [
              {
                "preemptible": false
              }
            ],
            "secondary_disk": [],
            "service_account_id": "",
            "status": "running",
            "timeouts": null,
            "zone": "ru-central1-a"
          },
          "sensitive_attributes": [],
          "private": "eyJlMmJmYjczMC1lY2FhLTExZTYtOGY4OC0zNDM2M2JjN2M0YzAiOnsiY3JlYXRlIjozMDAwMDAwMDAwMDAsImRlbGV0ZSI6MzAwMDAwMDAwMDAwLCJ1cGRhdGUiOjMwMDAwMDAwMDAwMH0sInNjaGVtYV92ZXJzaW9uIjoiMSJ9",
          "dependencies": [
            "module.api-static-addr.data.yandex_vpc_address.addr",
            "module.database-network.yandex_vpc_network.network-database",
            "module.database-network.yandex_vpc_subnet.subnet-database"
          ]
        }
      ]
    },
    {
      "module": "module.api-network",
      "mode": "managed",
      "type": "yandex_vpc_network",
      "name": "network-api",
      "provider": "provider[\"registry.terraform.io/yandex-cloud/yandex\"]",
      "instances": [
        {
          "schema_version": 0,
          "attributes": {
            "created_at": "2024-04-29T14:30:27Z",
            "default_security_group_id": "enps2874a2f34p6ug03f",
            "description": "",
            "folder_id": "b1g68mcmoms86hiq32hh",
            "id": "enpr9ckh87ik3rl2e73q",
            "labels": {},
            "name": "network-api",
            "subnet_ids": [],
            "timeouts": null
          },
          "sensitive_attributes": [],
          "private": "eyJlMmJmYjczMC1lY2FhLTExZTYtOGY4OC0zNDM2M2JjN2M0YzAiOnsiY3JlYXRlIjo2MDAwMDAwMDAwMCwiZGVsZXRlIjo2MDAwMDAwMDAwMCwidXBkYXRlIjo2MDAwMDAwMDAwMH19"
        }
      ]
    },
    {
      "module": "module.api-network",
      "mode": "managed",
      "type": "yandex_vpc_subnet",
      "name": "subnet-api",
      "provider": "provider[\"registry.terraform.io/yandex-cloud/yandex\"]",
      "instances": [
        {
          "schema_version": 0,
          "attributes": {
            "created_at": "2024-04-29T14:30:29Z",
            "description": "",
            "dhcp_options": [],
            "folder_id": "b1g68mcmoms86hiq32hh",
            "id": "e9b04psk5979fpooh51d",
            "labels": {},
            "name": "subnet-api",
            "network_id": "enpr9ckh87ik3rl2e73q",
            "route_table_id": "",
            "timeouts": null,
            "v4_cidr_blocks": [
              "10.2.0.0/16"
            ],
            "v6_cidr_blocks": [],
            "zone": "ru-central1-a"
          },
          "sensitive_attributes": [],
          "private": "eyJlMmJmYjczMC1lY2FhLTExZTYtOGY4OC0zNDM2M2JjN2M0YzAiOnsiY3JlYXRlIjoxODAwMDAwMDAwMDAsImRlbGV0ZSI6MTgwMDAwMDAwMDAwLCJ1cGRhdGUiOjE4MDAwMDAwMDAwMH19",
          "dependencies": [
            "module.api-network.yandex_vpc_network.network-api"
          ]
        }
      ]
    },
    {
      "module": "module.api-static-addr",
      "mode": "data",
      "type": "yandex_vpc_address",
      "name": "addr",
      "provider": "provider[\"registry.terraform.io/yandex-cloud/yandex\"]",
      "instances": [
        {
          "schema_version": 0,
          "attributes": {
            "address_id": "e9b0prh5f4h8ebrd9jen",
            "created_at": "2024-04-11T12:42:21Z",
            "deletion_protection": true,
            "description": "",
            "dns_record": [],
            "external_ipv4_address": [
              {
                "address": "158.160.61.242",
                "ddos_protection_provider": "",
                "outgoing_smtp_capability": "",
                "zone_id": "ru-central1-a"
              }
            ],
            "folder_id": "b1g68mcmoms86hiq32hh",
            "id": "e9b0prh5f4h8ebrd9jen",
            "labels": {},
            "name": "api-steam-items-static-ip-addr",
            "reserved": true,
            "used": false
          },
          "sensitive_attributes": []
        }
      ]
    },
    {
      "module": "module.database-network",
      "mode": "managed",
      "type": "yandex_vpc_network",
      "name": "network-database",
      "provider": "provider[\"registry.terraform.io/yandex-cloud/yandex\"]",
      "instances": [
        {
          "schema_version": 0,
          "attributes": {
            "created_at": "2024-04-29T14:30:30Z",
            "default_security_group_id": "enph29tqcu985j5pbl7k",
            "description": "",
            "folder_id": "b1g68mcmoms86hiq32hh",
            "id": "enpl1calj88jh5l2edcu",
            "labels": {},
            "name": "network-database",
            "subnet_ids": [],
            "timeouts": null
          },
          "sensitive_attributes": [],
          "private": "eyJlMmJmYjczMC1lY2FhLTExZTYtOGY4OC0zNDM2M2JjN2M0YzAiOnsiY3JlYXRlIjo2MDAwMDAwMDAwMCwiZGVsZXRlIjo2MDAwMDAwMDAwMCwidXBkYXRlIjo2MDAwMDAwMDAwMH19"
        }
      ]
    },
    {
      "module": "module.database-network",
      "mode": "managed",
      "type": "yandex_vpc_subnet",
      "name": "subnet-database",
      "provider": "provider[\"registry.terraform.io/yandex-cloud/yandex\"]",
      "instances": [
        {
          "schema_version": 0,
          "attributes": {
            "created_at": "2024-04-29T14:30:33Z",
            "description": "",
            "dhcp_options": [],
            "folder_id": "b1g68mcmoms86hiq32hh",
            "id": "e9b3pfcmlrmieqocdjo5",
            "labels": {},
            "name": "subnet-database",
            "network_id": "enpl1calj88jh5l2edcu",
            "route_table_id": "",
            "timeouts": null,
            "v4_cidr_blocks": [
              "10.5.0.0/16"
            ],
            "v6_cidr_blocks": [],
            "zone": "ru-central1-a"
          },
          "sensitive_attributes": [],
          "private": "eyJlMmJmYjczMC1lY2FhLTExZTYtOGY4OC0zNDM2M2JjN2M0YzAiOnsiY3JlYXRlIjoxODAwMDAwMDAwMDAsImRlbGV0ZSI6MTgwMDAwMDAwMDAwLCJ1cGRhdGUiOjE4MDAwMDAwMDAwMH19",
          "dependencies": [
            "module.database-network.yandex_vpc_network.network-database"
          ]
        }
      ]
    }
  ],
  "check_results": null
}
