{
  "version": 4,
  "terraform_version": "1.7.5",
  "serial": 68,
  "lineage": "8363c634-9794-06c8-91e3-5b71b0d14253",
  "outputs": {},
  "resources": [
    {
      "module": "module.api",
      "mode": "managed",
      "type": "yandex_compute_instance",
      "name": "vm-1",
      "provider": "provider[\"registry.terraform.io/yandex-cloud/yandex\"]",
      "instances": [
        {
          "schema_version": 1,
          "attributes": {
            "allow_recreate": null,
            "allow_stopping_for_update": null,
            "boot_disk": [
              {
                "auto_delete": true,
                "device_name": "fhmo0tns7u9eh31auhks",
                "disk_id": "fhmo0tns7u9eh31auhks",
                "initialize_params": [
                  {
                    "block_size": 4096,
                    "description": "",
                    "image_id": "fd8up8dttk3bopfkqho6",
                    "name": "",
                    "size": 10,
                    "snapshot_id": "",
                    "type": "network-hdd"
                  }
                ],
                "mode": "READ_WRITE"
              }
            ],
            "created_at": "2024-05-01T21:26:53Z",
            "description": "",
            "filesystem": [],
            "folder_id": "b1g68mcmoms86hiq32hh",
            "fqdn": "fhm6mr01qe1sku9bu0hr.auto.internal",
            "gpu_cluster_id": "",
            "hostname": "",
            "id": "fhm6mr01qe1sku9bu0hr",
            "labels": {},
            "local_disk": [],
            "maintenance_grace_period": "",
            "maintenance_policy": null,
            "metadata": {
              "ssh-keys": "ubuntu:ssh-rsa AAAAB3NzaC1yc2EAAAADAQABAAABgQC5Go2XuzVPCeNdDBL7fK+pjmW8lbCMhdhmHHzDGcLARPJq/bRi8TIyE+s4abcMRU9TAnu92Yb0B+VnAqvHihSmz1Md25EYN08zRhHp74157PvqrOK4j6T/vBR8s0u6MD500fNx0ZAElrwPP7dfQP+63VJpsjLdnBL2oM6FwJJBZ0p5qECl1+/GtV6lt9mOMsewKySrc5eOEcRZTk5y11YbtImhxyEBNmB+mGaK8kUpZeVEFDMGk3EvzCzVm+6JGDsIXkQ3KT966tcBrKLGngGjJNDTvmNQIc3Zd+i5gU23+rgwD50d86r+WBbT0zURmfG7rQAC1RdPW7W/89s723M89K5AoZLV/i6/XQ/y2ekC9v3uPVS9BPiNwQjg+uLUkurXkGTFUPj6Uv3GurqSdm0sdl8ueYBh0tywRzbqrIZVttLFxVXKV2TBC/lZ096B31KbUz+LwU74ViMYCybU8u3ty6VskD0I3sn/avlyUqqEZPBOLRVOYt2zLvxp4p+svrE= avtrokhachev@i106040781\n",
              "user-data": "#cloud-config\nssh_pwauth: no\nusers:\n  - name: avtrokhachev\n    sudo: ALL=(ALL) NOPASSWD:ALL\n    shell: /bin/bash\n    ssh-authorized-keys:\n      - \"ssh-rsa AAAAB3NzaC1yc2EAAAADAQABAAABgQC5Go2XuzVPCeNdDBL7fK+pjmW8lbCMhdhmHHzDGcLARPJq/bRi8TIyE+s4abcMRU9TAnu92Yb0B+VnAqvHihSmz1Md25EYN08zRhHp74157PvqrOK4j6T/vBR8s0u6MD500fNx0ZAElrwPP7dfQP+63VJpsjLdnBL2oM6FwJJBZ0p5qECl1+/GtV6lt9mOMsewKySrc5eOEcRZTk5y11YbtImhxyEBNmB+mGaK8kUpZeVEFDMGk3EvzCzVm+6JGDsIXkQ3KT966tcBrKLGngGjJNDTvmNQIc3Zd+i5gU23+rgwD50d86r+WBbT0zURmfG7rQAC1RdPW7W/89s723M89K5AoZLV/i6/XQ/y2ekC9v3uPVS9BPiNwQjg+uLUkurXkGTFUPj6Uv3GurqSdm0sdl8ueYBh0tywRzbqrIZVttLFxVXKV2TBC/lZ096B31KbUz+LwU74ViMYCybU8u3ty6VskD0I3sn/avlyUqqEZPBOLRVOYt2zLvxp4p+svrE= avtrokhachev@i106040781\"\n\nruncmd:\n  - export DEBIAN_FRONTEND=noninteractive\n  - sudo apt-get update -y\n  - sudo apt-get install -y docker.io\n  - sudo systemctl start docker\n  - sudo docker pull cr.yandex/crpoqe2ki2gq5j0p88mp/steam_items_api:latest\n  - docker run --detach --publish 80:80 cr.yandex/crpoqe2ki2gq5j0p88mp/steam_items_api:latest\n"
            },
            "metadata_options": [
              {
                "aws_v1_http_endpoint": 1,
                "aws_v1_http_token": 2,
                "gce_http_endpoint": 1,
                "gce_http_token": 1
              }
            ],
            "name": "steam-items-api",
            "network_acceleration_type": "standard",
            "network_interface": [
              {
                "dns_record": [],
                "index": 0,
                "ip_address": "10.2.0.37",
                "ipv4": true,
                "ipv6": false,
                "ipv6_address": "",
                "ipv6_dns_record": [],
                "mac_address": "d0:0d:6b:6c:01:d3",
                "nat": true,
                "nat_dns_record": [],
                "nat_ip_address": "158.160.61.242",
                "nat_ip_version": "IPV4",
                "security_group_ids": [],
                "subnet_id": "e9b04psk5979fpooh51d"
              }
            ],
            "placement_policy": [
              {
                "host_affinity_rules": [],
                "placement_group_id": "",
                "placement_group_partition": 0
              }
            ],
            "platform_id": "standard-v1",
            "resources": [
              {
                "core_fraction": 100,
                "cores": 2,
                "gpus": 0,
                "memory": 2
              }
            ],
            "scheduling_policy": [
              {
                "preemptible": false
              }
            ],
            "secondary_disk": [],
            "service_account_id": "",
            "status": "running",
            "timeouts": null,
            "zone": "ru-central1-a"
          },
          "sensitive_attributes": [],
          "private": "eyJlMmJmYjczMC1lY2FhLTExZTYtOGY4OC0zNDM2M2JjN2M0YzAiOnsiY3JlYXRlIjozMDAwMDAwMDAwMDAsImRlbGV0ZSI6MzAwMDAwMDAwMDAwLCJ1cGRhdGUiOjMwMDAwMDAwMDAwMH0sInNjaGVtYV92ZXJzaW9uIjoiMSJ9",
          "dependencies": [
            "module.api-network.yandex_vpc_network.network-api",
            "module.api-network.yandex_vpc_subnet.subnet-api",
            "module.api-static-addr.data.yandex_vpc_address.addr"
          ]
        }
      ]
    },
    {
      "module": "module.api-network",
      "mode": "managed",
      "type": "yandex_vpc_network",
      "name": "network-api",
      "provider": "provider[\"registry.terraform.io/yandex-cloud/yandex\"]",
      "instances": [
        {
          "schema_version": 0,
          "attributes": {
            "created_at": "2024-04-29T14:30:27Z",
            "default_security_group_id": "enps2874a2f34p6ug03f",
            "description": "",
            "folder_id": "b1g68mcmoms86hiq32hh",
            "id": "enpr9ckh87ik3rl2e73q",
            "labels": {},
            "name": "network-api",
            "subnet_ids": [
              "e9b04psk5979fpooh51d"
            ],
            "timeouts": null
          },
          "sensitive_attributes": [],
          "private": "eyJlMmJmYjczMC1lY2FhLTExZTYtOGY4OC0zNDM2M2JjN2M0YzAiOnsiY3JlYXRlIjo2MDAwMDAwMDAwMCwiZGVsZXRlIjo2MDAwMDAwMDAwMCwidXBkYXRlIjo2MDAwMDAwMDAwMH19"
        }
      ]
    },
    {
      "module": "module.api-network",
      "mode": "managed",
      "type": "yandex_vpc_subnet",
      "name": "subnet-api",
      "provider": "provider[\"registry.terraform.io/yandex-cloud/yandex\"]",
      "instances": [
        {
          "schema_version": 0,
          "attributes": {
            "created_at": "2024-04-29T14:30:29Z",
            "description": "",
            "dhcp_options": [],
            "folder_id": "b1g68mcmoms86hiq32hh",
            "id": "e9b04psk5979fpooh51d",
            "labels": {},
            "name": "subnet-api",
            "network_id": "enpr9ckh87ik3rl2e73q",
            "route_table_id": "",
            "timeouts": null,
            "v4_cidr_blocks": [
              "10.2.0.0/16"
            ],
            "v6_cidr_blocks": [],
            "zone": "ru-central1-a"
          },
          "sensitive_attributes": [],
          "private": "eyJlMmJmYjczMC1lY2FhLTExZTYtOGY4OC0zNDM2M2JjN2M0YzAiOnsiY3JlYXRlIjoxODAwMDAwMDAwMDAsImRlbGV0ZSI6MTgwMDAwMDAwMDAwLCJ1cGRhdGUiOjE4MDAwMDAwMDAwMH19",
          "dependencies": [
            "module.api-network.yandex_vpc_network.network-api"
          ]
        }
      ]
    },
    {
      "module": "module.api-static-addr",
      "mode": "data",
      "type": "yandex_vpc_address",
      "name": "addr",
      "provider": "provider[\"registry.terraform.io/yandex-cloud/yandex\"]",
      "instances": [
        {
          "schema_version": 0,
          "attributes": {
            "address_id": "e9b0prh5f4h8ebrd9jen",
            "created_at": "2024-04-11T12:42:21Z",
            "deletion_protection": true,
            "description": "",
            "dns_record": [],
            "external_ipv4_address": [
              {
                "address": "158.160.61.242",
                "ddos_protection_provider": "",
                "outgoing_smtp_capability": "",
                "zone_id": "ru-central1-a"
              }
            ],
            "folder_id": "b1g68mcmoms86hiq32hh",
            "id": "e9b0prh5f4h8ebrd9jen",
            "labels": {},
            "name": "api-steam-items-static-ip-addr",
            "reserved": true,
            "used": true
          },
          "sensitive_attributes": []
        }
      ]
    },
    {
      "module": "module.database",
      "mode": "managed",
      "type": "yandex_mdb_postgresql_cluster",
      "name": "postgres",
      "provider": "provider[\"registry.terraform.io/yandex-cloud/yandex\"]",
      "instances": [
        {
          "schema_version": 0,
          "attributes": {
            "config": [
              {
                "access": [
                  {
                    "data_lens": false,
                    "data_transfer": false,
                    "serverless": false,
                    "web_sql": true
                  }
                ],
                "autofailover": true,
                "backup_retain_period_days": 7,
                "backup_window_start": [
                  {
                    "hours": 0,
                    "minutes": 0
                  }
                ],
                "disk_size_autoscaling": [
                  {
                    "disk_size_limit": 0,
                    "emergency_usage_threshold": 0,
                    "planned_usage_threshold": 0
                  }
                ],
                "performance_diagnostics": [
                  {
                    "enabled": false,
                    "sessions_sampling_interval": 60,
                    "statements_sampling_interval": 600
                  }
                ],
                "pooler_config": [],
                "postgresql_config": {
                  "autovacuum_vacuum_scale_factor": "0.34",
                  "default_transaction_isolation": "TRANSACTION_ISOLATION_READ_COMMITTED",
                  "enable_parallel_hash": "true",
                  "max_connections": "400",
                  "password_encryption": "0",
                  "shared_preload_libraries": "SHARED_PRELOAD_LIBRARIES_AUTO_EXPLAIN,SHARED_PRELOAD_LIBRARIES_PG_HINT_PLAN"
                },
                "resources": [
                  {
                    "disk_size": 100,
                    "disk_type_id": "network-ssd",
                    "resource_preset_id": "c3-c2-m4"
                  }
                ],
                "version": "15"
              }
            ],
            "created_at": "2024-04-29T14:51:17Z",
            "database": [
              {
                "extension": [],
                "lc_collate": "C",
                "lc_type": "C",
                "name": "postgres-api",
                "owner": "api-postgres",
                "template_db": ""
              }
            ],
            "deletion_protection": false,
            "description": "",
            "environment": "PRODUCTION",
            "folder_id": "b1g68mcmoms86hiq32hh",
            "health": "ALIVE",
            "host": [
              {
                "assign_public_ip": false,
                "fqdn": "rc1a-jnux2woeckl0dttk.mdb.yandexcloud.net",
                "name": "",
                "priority": 0,
                "replication_source": "",
                "replication_source_name": "",
                "role": "MASTER",
                "subnet_id": "e9b04psk5979fpooh51d",
                "zone": "ru-central1-a"
              }
            ],
            "host_group_ids": [],
            "host_master_name": "",
            "id": "c9quv4urv2qjbsobmavn",
            "labels": {},
            "maintenance_window": [
              {
                "day": "",
                "hour": 0,
                "type": "ANYTIME"
              }
            ],
            "name": "steam-items",
            "network_id": "enpr9ckh87ik3rl2e73q",
            "restore": [],
            "security_group_ids": [],
            "status": "RUNNING",
            "timeouts": null,
            "user": [
              {
                "conn_limit": 380,
                "grants": [],
                "login": true,
                "name": "api-postgres",
                "password": "api-postgres-password",
                "permission": [
                  {
                    "database_name": "postgres-api"
                  }
                ],
                "settings": {
                  "default_transaction_isolation": "read committed",
                  "log_min_duration_statement": "5000"
                }
              }
            ]
          },
          "sensitive_attributes": [],
          "private": "eyJlMmJmYjczMC1lY2FhLTExZTYtOGY4OC0zNDM2M2JjN2M0YzAiOnsiY3JlYXRlIjoxODAwMDAwMDAwMDAwLCJkZWxldGUiOjkwMDAwMDAwMDAwMCwidXBkYXRlIjozNjAwMDAwMDAwMDAwfX0=",
          "dependencies": [
            "module.api-network.yandex_vpc_network.network-api",
            "module.api-network.yandex_vpc_subnet.subnet-api"
          ]
        }
      ]
    }
  ],
  "check_results": null
}
