{
  "version": 4,
  "terraform_version": "1.7.5",
  "serial": 20,
  "lineage": "f09ecaf7-cba1-87d7-66e0-8b260db7538d",
  "outputs": {},
  "resources": [
    {
      "mode": "managed",
      "type": "yandex_vpc_address",
      "name": "addr",
      "provider": "provider[\"registry.terraform.io/yandex-cloud/yandex\"]",
      "instances": [
        {
          "schema_version": 0,
          "attributes": {
            "created_at": "2024-04-11T12:42:21Z",
            "deletion_protection": true,
            "description": "",
            "dns_record": [],
            "external_ipv4_address": [
              {
                "address": "158.160.61.242",
                "ddos_protection_provider": "",
                "outgoing_smtp_capability": "",
                "zone_id": "ru-central1-a"
              }
            ],
            "folder_id": "b1g68mcmoms86hiq32hh",
            "id": "e9b0prh5f4h8ebrd9jen",
            "labels": {},
            "name": "api-steam-items-static-ip-addr",
            "reserved": true,
            "timeouts": null,
            "used": false
          },
          "sensitive_attributes": [],
          "private": "eyJlMmJmYjczMC1lY2FhLTExZTYtOGY4OC0zNDM2M2JjN2M0YzAiOnsiY3JlYXRlIjozMDAwMDAwMDAwMCwiZGVsZXRlIjozMDAwMDAwMDAwMCwidXBkYXRlIjozMDAwMDAwMDAwMH19"
        }
      ]
    }
  ],
  "check_results": null
}
