{
  "version": 4,
  "terraform_version": "1.7.5",
  "serial": 17,
  "lineage": "8b6dcf2c-0dcb-0f49-f27d-849992a148f7",
  "outputs": {
    "external_ip_address_vm_1": {
      "value": "51.250.10.192",
      "type": "string"
    },
    "internal_ip_address_vm_1": {
      "value": "10.2.0.10",
      "type": "string"
    }
  },
  "resources": [
    {
      "mode": "managed",
      "type": "yandex_compute_instance",
      "name": "vm-1",
      "provider": "provider[\"registry.terraform.io/yandex-cloud/yandex\"]",
      "instances": [
        {
          "schema_version": 1,
          "attributes": {
            "allow_recreate": null,
            "allow_stopping_for_update": null,
            "boot_disk": [
              {
                "auto_delete": true,
                "device_name": "fhmb6bndq84014pikmdm",
                "disk_id": "fhmb6bndq84014pikmdm",
                "initialize_params": [
                  {
                    "block_size": 4096,
                    "description": "",
                    "image_id": "fd80ir5fsh9use4g62hk",
                    "name": "",
                    "size": 10,
                    "snapshot_id": "",
                    "type": "network-hdd"
                  }
                ],
                "mode": "READ_WRITE"
              }
            ],
            "created_at": "2024-04-10T20:45:22Z",
            "description": "",
            "filesystem": [],
            "folder_id": "b1g68mcmoms86hiq32hh",
            "fqdn": "fhmu5sfo0vd8686k1lu3.auto.internal",
            "gpu_cluster_id": "",
            "hostname": "",
            "id": "fhmu5sfo0vd8686k1lu3",
            "labels": null,
            "local_disk": [],
            "maintenance_grace_period": "",
            "maintenance_policy": null,
            "metadata": {
              "ssh-keys": "ubuntu:ssh-rsa AAAAB3NzaC1yc2EAAAADAQABAAABgQC5Go2XuzVPCeNdDBL7fK+pjmW8lbCMhdhmHHzDGcLARPJq/bRi8TIyE+s4abcMRU9TAnu92Yb0B+VnAqvHihSmz1Md25EYN08zRhHp74157PvqrOK4j6T/vBR8s0u6MD500fNx0ZAElrwPP7dfQP+63VJpsjLdnBL2oM6FwJJBZ0p5qECl1+/GtV6lt9mOMsewKySrc5eOEcRZTk5y11YbtImhxyEBNmB+mGaK8kUpZeVEFDMGk3EvzCzVm+6JGDsIXkQ3KT966tcBrKLGngGjJNDTvmNQIc3Zd+i5gU23+rgwD50d86r+WBbT0zURmfG7rQAC1RdPW7W/89s723M89K5AoZLV/i6/XQ/y2ekC9v3uPVS9BPiNwQjg+uLUkurXkGTFUPj6Uv3GurqSdm0sdl8ueYBh0tywRzbqrIZVttLFxVXKV2TBC/lZ096B31KbUz+LwU74ViMYCybU8u3ty6VskD0I3sn/avlyUqqEZPBOLRVOYt2zLvxp4p+svrE= avtrokhachev@i106040781\n",
              "user-data": "#cloud-config\nssh_pwauth: no\nusers:\n  - name: avtrokhachev\n    sudo: ALL=(ALL) NOPASSWD:ALL\n    shell: /bin/bash\n    ssh-authorized-keys:\n      - \"ssh-rsa AAAAB3NzaC1yc2EAAAADAQABAAABgQC5Go2XuzVPCeNdDBL7fK+pjmW8lbCMhdhmHHzDGcLARPJq/bRi8TIyE+s4abcMRU9TAnu92Yb0B+VnAqvHihSmz1Md25EYN08zRhHp74157PvqrOK4j6T/vBR8s0u6MD500fNx0ZAElrwPP7dfQP+63VJpsjLdnBL2oM6FwJJBZ0p5qECl1+/GtV6lt9mOMsewKySrc5eOEcRZTk5y11YbtImhxyEBNmB+mGaK8kUpZeVEFDMGk3EvzCzVm+6JGDsIXkQ3KT966tcBrKLGngGjJNDTvmNQIc3Zd+i5gU23+rgwD50d86r+WBbT0zURmfG7rQAC1RdPW7W/89s723M89K5AoZLV/i6/XQ/y2ekC9v3uPVS9BPiNwQjg+uLUkurXkGTFUPj6Uv3GurqSdm0sdl8ueYBh0tywRzbqrIZVttLFxVXKV2TBC/lZ096B31KbUz+LwU74ViMYCybU8u3ty6VskD0I3sn/avlyUqqEZPBOLRVOYt2zLvxp4p+svrE= avtrokhachev@i106040781\"\n\nruncmd:\n  - [docker, run, --detach, --publish, 80:80, cr.yandex/crpoqe2ki2gq5j0p88mp/steam_items_api:latest]\n"
            },
            "metadata_options": [
              {
                "aws_v1_http_endpoint": 1,
                "aws_v1_http_token": 2,
                "gce_http_endpoint": 1,
                "gce_http_token": 1
              }
            ],
            "name": "steam-items-api",
            "network_acceleration_type": "standard",
            "network_interface": [
              {
                "dns_record": [],
                "index": 0,
                "ip_address": "10.2.0.10",
                "ipv4": true,
                "ipv6": false,
                "ipv6_address": "",
                "ipv6_dns_record": [],
                "mac_address": "d0:0d:1e:2f:1f:80",
                "nat": true,
                "nat_dns_record": [],
                "nat_ip_address": "51.250.10.192",
                "nat_ip_version": "IPV4",
                "security_group_ids": [],
                "subnet_id": "e9bgfdjl8vbr8kv0l93h"
              }
            ],
            "placement_policy": [
              {
                "host_affinity_rules": [],
                "placement_group_id": "",
                "placement_group_partition": 0
              }
            ],
            "platform_id": "standard-v1",
            "resources": [
              {
                "core_fraction": 100,
                "cores": 2,
                "gpus": 0,
                "memory": 2
              }
            ],
            "scheduling_policy": [
              {
                "preemptible": false
              }
            ],
            "secondary_disk": [],
            "service_account_id": "",
            "status": "running",
            "timeouts": null,
            "zone": "ru-central1-a"
          },
          "sensitive_attributes": [],
          "private": "eyJlMmJmYjczMC1lY2FhLTExZTYtOGY4OC0zNDM2M2JjN2M0YzAiOnsiY3JlYXRlIjozMDAwMDAwMDAwMDAsImRlbGV0ZSI6MzAwMDAwMDAwMDAwLCJ1cGRhdGUiOjMwMDAwMDAwMDAwMH0sInNjaGVtYV92ZXJzaW9uIjoiMSJ9",
          "dependencies": [
            "yandex_vpc_network.network-1",
            "yandex_vpc_subnet.subnet-1"
          ]
        }
      ]
    },
    {
      "mode": "managed",
      "type": "yandex_vpc_network",
      "name": "network-1",
      "provider": "provider[\"registry.terraform.io/yandex-cloud/yandex\"]",
      "instances": [
        {
          "schema_version": 0,
          "attributes": {
            "created_at": "2024-04-10T20:45:19Z",
            "default_security_group_id": "enpm001c042dv2c37q8k",
            "description": "",
            "folder_id": "b1g68mcmoms86hiq32hh",
            "id": "enpoobfm81rncm0giult",
            "labels": {},
            "name": "from-terraform-network",
            "subnet_ids": [],
            "timeouts": null
          },
          "sensitive_attributes": [],
          "private": "eyJlMmJmYjczMC1lY2FhLTExZTYtOGY4OC0zNDM2M2JjN2M0YzAiOnsiY3JlYXRlIjo2MDAwMDAwMDAwMCwiZGVsZXRlIjo2MDAwMDAwMDAwMCwidXBkYXRlIjo2MDAwMDAwMDAwMH19"
        }
      ]
    },
    {
      "mode": "managed",
      "type": "yandex_vpc_subnet",
      "name": "subnet-1",
      "provider": "provider[\"registry.terraform.io/yandex-cloud/yandex\"]",
      "instances": [
        {
          "schema_version": 0,
          "attributes": {
            "created_at": "2024-04-10T20:45:21Z",
            "description": "",
            "dhcp_options": [],
            "folder_id": "b1g68mcmoms86hiq32hh",
            "id": "e9bgfdjl8vbr8kv0l93h",
            "labels": {},
            "name": "from-terraform-subnet",
            "network_id": "enpoobfm81rncm0giult",
            "route_table_id": "",
            "timeouts": null,
            "v4_cidr_blocks": [
              "10.2.0.0/16"
            ],
            "v6_cidr_blocks": [],
            "zone": "ru-central1-a"
          },
          "sensitive_attributes": [],
          "private": "eyJlMmJmYjczMC1lY2FhLTExZTYtOGY4OC0zNDM2M2JjN2M0YzAiOnsiY3JlYXRlIjoxODAwMDAwMDAwMDAsImRlbGV0ZSI6MTgwMDAwMDAwMDAwLCJ1cGRhdGUiOjE4MDAwMDAwMDAwMH19",
          "dependencies": [
            "yandex_vpc_network.network-1"
          ]
        }
      ]
    }
  ],
  "check_results": null
}
